
Microsoft Visual Studio Solution File, Format Version 12.00
# Visual Studio 2013
VisualStudioVersion = 12.0.21005.1
MinimumVisualStudioVersion = 10.0.40219.1
Project("{FAE04EC0-301F-11D3-BF4B-00C04F79EFBC}") = "HistoryOfIdeas", "HistoryOfIdeas\HistoryOfIdeas.csproj", "{408BD5F9-9019-482A-A78F-5F0968AB6F9C}"
EndProject
Project("{2150E333-8FDC-42A3-9474-1A3956D46DE8}") = "BLL", "BLL", "{9BD3C573-0E8F-4A7B-8459-6201492D6032}"
EndProject
Project("{2150E333-8FDC-42A3-9474-1A3956D46DE8}") = "DAL", "DAL", "{4631185A-9FDB-424C-9CDD-CBF5EDFEB318}"
EndProject
Project("{2150E333-8FDC-42A3-9474-1A3956D46DE8}") = "UI", "UI", "{B7F7A478-5666-4D4C-B745-D841B1226513}"
EndProject
Project("{FAE04EC0-301F-11D3-BF4B-00C04F79EFBC}") = "HistoryOfIdeas.BLL", "HistoryOfIdeas.BLL\HistoryOfIdeas.BLL.csproj", "{0EAF9EAC-A683-47A3-845B-D2C66BF114A5}"
EndProject
Project("{FAE04EC0-301F-11D3-BF4B-00C04F79EFBC}") = "HistoryOfIdeas.BLL.Interfaces", "HistoryOfIdeas.BLL.Interface\HistoryOfIdeas.BLL.Interfaces.csproj", "{1FF42BB3-C076-4F26-A70C-8CC39ABCE968}"
EndProject
Project("{FAE04EC0-301F-11D3-BF4B-00C04F79EFBC}") = "HistoryOfIdeas.DAL", "HistoryOfIdeas.DAL\HistoryOfIdeas.DAL.csproj", "{3C6F4E48-1239-49ED-82BA-05EF72B4A4F1}"
EndProject
Project("{FAE04EC0-301F-11D3-BF4B-00C04F79EFBC}") = "HistoryOfIdeas.DAL.Interfaces", "HistoryOfIdeas.DAL.Interface\HistoryOfIdeas.DAL.Interfaces.csproj", "{80958D59-83DE-4842-8354-98626DB76DDA}"
EndProject
Project("{FAE04EC0-301F-11D3-BF4B-00C04F79EFBC}") = "HistoryOfIdeas.DAL.Entities", "HistoryOfIdeas.DAL.Entity\HistoryOfIdeas.DAL.Entities.csproj", "{7700BA49-2DBE-4EC8-8522-8B77E2F91E90}"
EndProject
Project("{2150E333-8FDC-42A3-9474-1A3956D46DE8}") = "IoC", "IoC", "{EFD7168D-2C54-4E49-88E2-4A570E1AA2C6}"
EndProject
Project("{FAE04EC0-301F-11D3-BF4B-00C04F79EFBC}") = "HistoryOfIdeas.IoC", "HistoryOfIdeas.IoC\HistoryOfIdeas.IoC.csproj", "{9A8C17FB-FDBA-4E0E-BC1E-01DC92268FBD}"
EndProject
Global
	GlobalSection(SolutionConfigurationPlatforms) = preSolution
		Debug|Any CPU = Debug|Any CPU
		Release|Any CPU = Release|Any CPU
	EndGlobalSection
	GlobalSection(ProjectConfigurationPlatforms) = postSolution
		{408BD5F9-9019-482A-A78F-5F0968AB6F9C}.Debug|Any CPU.ActiveCfg = Debug|Any CPU
		{408BD5F9-9019-482A-A78F-5F0968AB6F9C}.Debug|Any CPU.Build.0 = Debug|Any CPU
		{408BD5F9-9019-482A-A78F-5F0968AB6F9C}.Release|Any CPU.ActiveCfg = Release|Any CPU
		{408BD5F9-9019-482A-A78F-5F0968AB6F9C}.Release|Any CPU.Build.0 = Release|Any CPU
		{0EAF9EAC-A683-47A3-845B-D2C66BF114A5}.Debug|Any CPU.ActiveCfg = Debug|Any CPU
		{0EAF9EAC-A683-47A3-845B-D2C66BF114A5}.Debug|Any CPU.Build.0 = Debug|Any CPU
		{0EAF9EAC-A683-47A3-845B-D2C66BF114A5}.Release|Any CPU.ActiveCfg = Release|Any CPU
		{0EAF9EAC-A683-47A3-845B-D2C66BF114A5}.Release|Any CPU.Build.0 = Release|Any CPU
		{1FF42BB3-C076-4F26-A70C-8CC39ABCE968}.Debug|Any CPU.ActiveCfg = Debug|Any CPU
		{1FF42BB3-C076-4F26-A70C-8CC39ABCE968}.Debug|Any CPU.Build.0 = Debug|Any CPU
		{1FF42BB3-C076-4F26-A70C-8CC39ABCE968}.Release|Any CPU.ActiveCfg = Release|Any CPU
		{1FF42BB3-C076-4F26-A70C-8CC39ABCE968}.Release|Any CPU.Build.0 = Release|Any CPU
		{3C6F4E48-1239-49ED-82BA-05EF72B4A4F1}.Debug|Any CPU.ActiveCfg = Debug|Any CPU
		{3C6F4E48-1239-49ED-82BA-05EF72B4A4F1}.Debug|Any CPU.Build.0 = Debug|Any CPU
		{3C6F4E48-1239-49ED-82BA-05EF72B4A4F1}.Release|Any CPU.ActiveCfg = Release|Any CPU
		{3C6F4E48-1239-49ED-82BA-05EF72B4A4F1}.Release|Any CPU.Build.0 = Release|Any CPU
		{80958D59-83DE-4842-8354-98626DB76DDA}.Debug|Any CPU.ActiveCfg = Debug|Any CPU
		{80958D59-83DE-4842-8354-98626DB76DDA}.Debug|Any CPU.Build.0 = Debug|Any CPU
		{80958D59-83DE-4842-8354-98626DB76DDA}.Release|Any CPU.ActiveCfg = Release|Any CPU
		{80958D59-83DE-4842-8354-98626DB76DDA}.Release|Any CPU.Build.0 = Release|Any CPU
		{7700BA49-2DBE-4EC8-8522-8B77E2F91E90}.Debug|Any CPU.ActiveCfg = Debug|Any CPU
		{7700BA49-2DBE-4EC8-8522-8B77E2F91E90}.Debug|Any CPU.Build.0 = Debug|Any CPU
		{7700BA49-2DBE-4EC8-8522-8B77E2F91E90}.Release|Any CPU.ActiveCfg = Release|Any CPU
		{7700BA49-2DBE-4EC8-8522-8B77E2F91E90}.Release|Any CPU.Build.0 = Release|Any CPU
		{9A8C17FB-FDBA-4E0E-BC1E-01DC92268FBD}.Debug|Any CPU.ActiveCfg = Debug|Any CPU
		{9A8C17FB-FDBA-4E0E-BC1E-01DC92268FBD}.Debug|Any CPU.Build.0 = Debug|Any CPU
		{9A8C17FB-FDBA-4E0E-BC1E-01DC92268FBD}.Release|Any CPU.ActiveCfg = Release|Any CPU
		{9A8C17FB-FDBA-4E0E-BC1E-01DC92268FBD}.Release|Any CPU.Build.0 = Release|Any CPU
	EndGlobalSection
	GlobalSection(SolutionProperties) = preSolution
		HideSolutionNode = FALSE
	EndGlobalSection
	GlobalSection(NestedProjects) = preSolution
		{408BD5F9-9019-482A-A78F-5F0968AB6F9C} = {B7F7A478-5666-4D4C-B745-D841B1226513}
		{0EAF9EAC-A683-47A3-845B-D2C66BF114A5} = {9BD3C573-0E8F-4A7B-8459-6201492D6032}
		{1FF42BB3-C076-4F26-A70C-8CC39ABCE968} = {9BD3C573-0E8F-4A7B-8459-6201492D6032}
		{3C6F4E48-1239-49ED-82BA-05EF72B4A4F1} = {4631185A-9FDB-424C-9CDD-CBF5EDFEB318}
		{80958D59-83DE-4842-8354-98626DB76DDA} = {4631185A-9FDB-424C-9CDD-CBF5EDFEB318}
		{7700BA49-2DBE-4EC8-8522-8B77E2F91E90} = {4631185A-9FDB-424C-9CDD-CBF5EDFEB318}
		{9A8C17FB-FDBA-4E0E-BC1E-01DC92268FBD} = {EFD7168D-2C54-4E49-88E2-4A570E1AA2C6}
	EndGlobalSection
EndGlobal
